{
  "version": 4,
  "terraform_version": "0.12.3",
  "serial": 1,
  "lineage": "2207b10d-d787-2602-d01b-add59b2b0043",
  "outputs": {},
  "resources": [
    {
      "module": "module.fastl-config",
      "mode": "managed",
      "type": "fastly_service_v1",
      "name": "fastly-terraform",
      "provider": "module.fastl-config.provider.fastly",
      "instances": [
        {
          "schema_version": 0,
          "attributes_flat": {
            "activate": "true",
            "active_version": "1",
            "backend.#": "4",
            "backend.2267186056.address": "ec2-54-246-154-199.eu-west-1.compute.amazonaws.com",
            "backend.2267186056.auto_loadbalance": "true",
            "backend.2267186056.between_bytes_timeout": "10000",
            "backend.2267186056.connect_timeout": "1000",
            "backend.2267186056.error_threshold": "0",
            "backend.2267186056.first_byte_timeout": "15000",
            "backend.2267186056.healthcheck": "",
            "backend.2267186056.max_conn": "200",
            "backend.2267186056.max_tls_version": "",
            "backend.2267186056.min_tls_version": "",
            "backend.2267186056.name": "backend_3",
            "backend.2267186056.override_host": "",
            "backend.2267186056.port": "80",
            "backend.2267186056.request_condition": "",
            "backend.2267186056.shield": "",
            "backend.2267186056.ssl_ca_cert": "",
            "backend.2267186056.ssl_cert_hostname": "",
            "backend.2267186056.ssl_check_cert": "true",
            "backend.2267186056.ssl_ciphers": "",
            "backend.2267186056.ssl_client_cert": "",
            "backend.2267186056.ssl_client_key": "",
            "backend.2267186056.ssl_hostname": "",
            "backend.2267186056.ssl_sni_hostname": "",
            "backend.2267186056.use_ssl": "false",
            "backend.2267186056.weight": "100",
            "backend.297092299.address": "ec2-63-32-99-16.eu-west-1.compute.amazonaws.com",
            "backend.297092299.auto_loadbalance": "true",
            "backend.297092299.between_bytes_timeout": "10000",
            "backend.297092299.connect_timeout": "1000",
            "backend.297092299.error_threshold": "0",
            "backend.297092299.first_byte_timeout": "15000",
            "backend.297092299.healthcheck": "",
            "backend.297092299.max_conn": "200",
            "backend.297092299.max_tls_version": "",
            "backend.297092299.min_tls_version": "",
            "backend.297092299.name": "backend_2",
            "backend.297092299.override_host": "",
            "backend.297092299.port": "80",
            "backend.297092299.request_condition": "",
            "backend.297092299.shield": "",
            "backend.297092299.ssl_ca_cert": "",
            "backend.297092299.ssl_cert_hostname": "",
            "backend.297092299.ssl_check_cert": "true",
            "backend.297092299.ssl_ciphers": "",
            "backend.297092299.ssl_client_cert": "",
            "backend.297092299.ssl_client_key": "",
            "backend.297092299.ssl_hostname": "",
            "backend.297092299.ssl_sni_hostname": "",
            "backend.297092299.use_ssl": "false",
            "backend.297092299.weight": "100",
            "backend.3793616110.address": "ec2-54-246-203-224.eu-west-1.compute.amazonaws.com",
            "backend.3793616110.auto_loadbalance": "true",
            "backend.3793616110.between_bytes_timeout": "10000",
            "backend.3793616110.connect_timeout": "1000",
            "backend.3793616110.error_threshold": "0",
            "backend.3793616110.first_byte_timeout": "15000",
            "backend.3793616110.healthcheck": "",
            "backend.3793616110.max_conn": "200",
            "backend.3793616110.max_tls_version": "",
            "backend.3793616110.min_tls_version": "",
            "backend.3793616110.name": "backend_1",
            "backend.3793616110.override_host": "",
            "backend.3793616110.port": "80",
            "backend.3793616110.request_condition": "",
            "backend.3793616110.shield": "",
            "backend.3793616110.ssl_ca_cert": "",
            "backend.3793616110.ssl_cert_hostname": "",
            "backend.3793616110.ssl_check_cert": "true",
            "backend.3793616110.ssl_ciphers": "",
            "backend.3793616110.ssl_client_cert": "",
            "backend.3793616110.ssl_client_key": "",
            "backend.3793616110.ssl_hostname": "",
            "backend.3793616110.ssl_sni_hostname": "",
            "backend.3793616110.use_ssl": "false",
            "backend.3793616110.weight": "100",
            "backend.804070327.address": "ec2-54-246-203-224.eu-west-1.compute.amazonaws.com",
            "backend.804070327.auto_loadbalance": "true",
            "backend.804070327.between_bytes_timeout": "10000",
            "backend.804070327.connect_timeout": "1000",
            "backend.804070327.error_threshold": "0",
            "backend.804070327.first_byte_timeout": "15000",
            "backend.804070327.healthcheck": "",
            "backend.804070327.max_conn": "200",
            "backend.804070327.max_tls_version": "",
            "backend.804070327.min_tls_version": "",
            "backend.804070327.name": "backend_4",
            "backend.804070327.override_host": "",
            "backend.804070327.port": "80",
            "backend.804070327.request_condition": "",
            "backend.804070327.shield": "",
            "backend.804070327.ssl_ca_cert": "",
            "backend.804070327.ssl_cert_hostname": "",
            "backend.804070327.ssl_check_cert": "true",
            "backend.804070327.ssl_ciphers": "",
            "backend.804070327.ssl_client_cert": "",
            "backend.804070327.ssl_client_key": "",
            "backend.804070327.ssl_hostname": "",
            "backend.804070327.ssl_sni_hostname": "",
            "backend.804070327.use_ssl": "false",
            "backend.804070327.weight": "100",
            "bigquerylogging.#": "0",
            "blobstoragelogging.#": "0",
            "cache_setting.#": "0",
            "comment": "Managed by Terraform",
            "condition.#": "0",
            "default_host": "",
            "default_ttl": "60",
            "director.#": "0",
            "domain.#": "1",
            "domain.1554710053.comment": "demo",
            "domain.1554710053.name": "www.frinkbuster.co.uk",
            "force_destroy": "true",
            "gcslogging.#": "0",
            "gzip.#": "1",
            "gzip.3926422356.cache_condition": "",
            "gzip.3926422356.content_types.#": "2",
            "gzip.3926422356.content_types.366283795": "text/css",
            "gzip.3926422356.content_types.4008173114": "text/html",
            "gzip.3926422356.extensions.#": "2",
            "gzip.3926422356.extensions.253252853": "js",
            "gzip.3926422356.extensions.3950613225": "css",
            "gzip.3926422356.name": "file extensions and content types",
            "header.#": "1",
            "header.1374723720.action": "delete",
            "header.1374723720.cache_condition": "",
            "header.1374723720.destination": "http.x-amz-request-id",
            "header.1374723720.ignore_if_set": "false",
            "header.1374723720.name": "remove x-amz-request-id",
            "header.1374723720.priority": "100",
            "header.1374723720.regex": "",
            "header.1374723720.request_condition": "",
            "header.1374723720.response_condition": "",
            "header.1374723720.source": "",
            "header.1374723720.substitution": "",
            "header.1374723720.type": "cache",
            "healthcheck.#": "0",
            "id": "73iEbxObYzcGRjyzDutRUi",
            "logentries.#": "0",
            "name": "testmodule",
            "papertrail.#": "0",
            "request_setting.#": "0",
            "response_object.#": "0",
            "s3logging.#": "0",
            "snippet.#": "0",
            "splunk.#": "0",
            "sumologic.#": "0",
            "syslog.#": "0",
            "vcl.#": "0",
            "version_comment": ""
          }
        }
      ]
    }
  ]
}
