{
  "version": 4,
  "terraform_version": "0.12.3",
  "serial": 14,
  "lineage": "16bf26f1-1fb8-0749-52bf-398a0bfc426b",
  "outputs": {},
  "resources": [
    {
      "module": "module.service1",
      "mode": "managed",
      "type": "fastly_service_v1",
      "name": "service",
      "provider": "module.service1.provider.fastly",
      "instances": [
        {
          "schema_version": 0,
          "attributes": {
            "acl": [],
            "activate": true,
            "active_version": 2,
            "backend": [
              {
                "address": "slough1.com",
                "auto_loadbalance": true,
                "between_bytes_timeout": 10000,
                "connect_timeout": 1000,
                "error_threshold": 0,
                "first_byte_timeout": 15000,
                "healthcheck": "",
                "max_conn": 200,
                "max_tls_version": "",
                "min_tls_version": "",
                "name": "backend1",
                "override_host": "",
                "port": 80,
                "request_condition": "",
                "shield": "",
                "ssl_ca_cert": "",
                "ssl_cert_hostname": "www.frinkbuster.co.uk",
                "ssl_check_cert": true,
                "ssl_ciphers": "",
                "ssl_client_cert": "",
                "ssl_client_key": "",
                "ssl_hostname": "",
                "ssl_sni_hostname": "www.frinkbuster.co.uk",
                "use_ssl": true,
                "weight": 100
              },
              {
                "address": "slough2.com",
                "auto_loadbalance": true,
                "between_bytes_timeout": 10000,
                "connect_timeout": 1000,
                "error_threshold": 0,
                "first_byte_timeout": 15000,
                "healthcheck": "",
                "max_conn": 200,
                "max_tls_version": "",
                "min_tls_version": "",
                "name": "backend2",
                "override_host": "",
                "port": 80,
                "request_condition": "",
                "shield": "",
                "ssl_ca_cert": "",
                "ssl_cert_hostname": "www.frinkbuster.co.uk",
                "ssl_check_cert": true,
                "ssl_ciphers": "",
                "ssl_client_cert": "",
                "ssl_client_key": "",
                "ssl_hostname": "",
                "ssl_sni_hostname": "www.frinkbuster.co.uk",
                "use_ssl": true,
                "weight": 100
              }
            ],
            "bigquerylogging": [],
            "blobstoragelogging": [],
            "cache_setting": [],
            "comment": "Managed by Terraform",
            "condition": [],
            "default_host": "",
            "default_ttl": 3600,
            "dictionary": [],
            "director": [],
            "domain": [
              {
                "comment": "",
                "name": "www.frinkbuster.co.uk"
              }
            ],
            "dynamicsnippet": [],
            "force_destroy": null,
            "gcslogging": [],
            "gzip": [],
            "header": [],
            "healthcheck": [],
            "id": "6VhJ7rUXILGDj5fpDVFj0X",
            "logentries": [],
            "name": "service-1",
            "papertrail": [],
            "request_setting": [],
            "response_object": [],
            "s3logging": [],
            "snippet": [],
            "splunk": [],
            "sumologic": [],
            "syslog": [],
            "vcl": [],
            "version_comment": ""
          },
          "private": "bnVsbA=="
        }
      ]
    },
    {
      "module": "module.service4",
      "mode": "managed",
      "type": "fastly_service_v1",
      "name": "service",
      "provider": "module.service4.provider.fastly",
      "instances": [
        {
          "schema_version": 0,
          "attributes": {
            "acl": [],
            "activate": true,
            "active_version": 1,
            "backend": [
              {
                "address": "docklands1.com",
                "auto_loadbalance": true,
                "between_bytes_timeout": 10000,
                "connect_timeout": 1000,
                "error_threshold": 0,
                "first_byte_timeout": 15000,
                "healthcheck": "",
                "max_conn": 200,
                "max_tls_version": "",
                "min_tls_version": "",
                "name": "backend1",
                "override_host": "",
                "port": 80,
                "request_condition": "",
                "shield": "",
                "ssl_ca_cert": "",
                "ssl_cert_hostname": "www.frinkbuster.co.uk",
                "ssl_check_cert": true,
                "ssl_ciphers": "",
                "ssl_client_cert": "",
                "ssl_client_key": "",
                "ssl_hostname": "",
                "ssl_sni_hostname": "www.frinkbuster.co.uk",
                "use_ssl": true,
                "weight": 100
              },
              {
                "address": "docklands2.com",
                "auto_loadbalance": true,
                "between_bytes_timeout": 10000,
                "connect_timeout": 1000,
                "error_threshold": 0,
                "first_byte_timeout": 15000,
                "healthcheck": "",
                "max_conn": 200,
                "max_tls_version": "",
                "min_tls_version": "",
                "name": "backend2",
                "override_host": "",
                "port": 80,
                "request_condition": "",
                "shield": "",
                "ssl_ca_cert": "",
                "ssl_cert_hostname": "www.frinkbuster.co.uk",
                "ssl_check_cert": true,
                "ssl_ciphers": "",
                "ssl_client_cert": "",
                "ssl_client_key": "",
                "ssl_hostname": "",
                "ssl_sni_hostname": "www.frinkbuster.co.uk",
                "use_ssl": true,
                "weight": 100
              }
            ],
            "bigquerylogging": [],
            "blobstoragelogging": [],
            "cache_setting": [],
            "comment": "Managed by Terraform",
            "condition": [],
            "default_host": "",
            "default_ttl": 3600,
            "dictionary": [],
            "director": [],
            "domain": [
              {
                "comment": "",
                "name": "www2.frinkbuster.co.uk"
              }
            ],
            "dynamicsnippet": [],
            "force_destroy": null,
            "gcslogging": [],
            "gzip": [],
            "header": [],
            "healthcheck": [],
            "id": "7Xfp9GhPcqy46QyTi9hCAX",
            "logentries": [],
            "name": "service-4",
            "papertrail": [],
            "request_setting": [],
            "response_object": [],
            "s3logging": [],
            "snippet": [],
            "splunk": [],
            "sumologic": [],
            "syslog": [],
            "vcl": [],
            "version_comment": ""
          },
          "private": "bnVsbA=="
        }
      ]
    },
    {
      "module": "module.service2",
      "mode": "managed",
      "type": "fastly_service_v1",
      "name": "service",
      "provider": "module.service2.provider.fastly",
      "instances": [
        {
          "schema_version": 0,
          "attributes": {
            "acl": [],
            "activate": true,
            "active_version": 1,
            "backend": [
              {
                "address": "aws1.com",
                "auto_loadbalance": true,
                "between_bytes_timeout": 10000,
                "connect_timeout": 1000,
                "error_threshold": 0,
                "first_byte_timeout": 15000,
                "healthcheck": "",
                "max_conn": 200,
                "max_tls_version": "",
                "min_tls_version": "",
                "name": "backend1",
                "override_host": "",
                "port": 443,
                "request_condition": "",
                "shield": "",
                "ssl_ca_cert": "",
                "ssl_cert_hostname": "www.frinkbuster.com",
                "ssl_check_cert": true,
                "ssl_ciphers": "",
                "ssl_client_cert": "",
                "ssl_client_key": "",
                "ssl_hostname": "",
                "ssl_sni_hostname": "www.frinkbuster.com",
                "use_ssl": true,
                "weight": 100
              },
              {
                "address": "aws2.com",
                "auto_loadbalance": true,
                "between_bytes_timeout": 10000,
                "connect_timeout": 1000,
                "error_threshold": 0,
                "first_byte_timeout": 15000,
                "healthcheck": "",
                "max_conn": 200,
                "max_tls_version": "",
                "min_tls_version": "",
                "name": "backend2",
                "override_host": "",
                "port": 443,
                "request_condition": "",
                "shield": "",
                "ssl_ca_cert": "",
                "ssl_cert_hostname": "www.frinkbuster.com",
                "ssl_check_cert": true,
                "ssl_ciphers": "",
                "ssl_client_cert": "",
                "ssl_client_key": "",
                "ssl_hostname": "",
                "ssl_sni_hostname": "www.frinkbuster.com",
                "use_ssl": true,
                "weight": 100
              },
              {
                "address": "aws3.com",
                "auto_loadbalance": true,
                "between_bytes_timeout": 10000,
                "connect_timeout": 1000,
                "error_threshold": 0,
                "first_byte_timeout": 15000,
                "healthcheck": "",
                "max_conn": 200,
                "max_tls_version": "",
                "min_tls_version": "",
                "name": "backend3",
                "override_host": "",
                "port": 443,
                "request_condition": "",
                "shield": "",
                "ssl_ca_cert": "",
                "ssl_cert_hostname": "www.frinkbuster.com",
                "ssl_check_cert": true,
                "ssl_ciphers": "",
                "ssl_client_cert": "",
                "ssl_client_key": "",
                "ssl_hostname": "",
                "ssl_sni_hostname": "www.frinkbuster.com",
                "use_ssl": true,
                "weight": 100
              },
              {
                "address": "aws4.com",
                "auto_loadbalance": true,
                "between_bytes_timeout": 10000,
                "connect_timeout": 1000,
                "error_threshold": 0,
                "first_byte_timeout": 15000,
                "healthcheck": "",
                "max_conn": 200,
                "max_tls_version": "",
                "min_tls_version": "",
                "name": "backend4",
                "override_host": "",
                "port": 443,
                "request_condition": "",
                "shield": "",
                "ssl_ca_cert": "",
                "ssl_cert_hostname": "www.frinkbuster.com",
                "ssl_check_cert": true,
                "ssl_ciphers": "",
                "ssl_client_cert": "",
                "ssl_client_key": "",
                "ssl_hostname": "",
                "ssl_sni_hostname": "www.frinkbuster.com",
                "use_ssl": true,
                "weight": 100
              }
            ],
            "bigquerylogging": [],
            "blobstoragelogging": [],
            "cache_setting": [],
            "comment": "Managed by Terraform",
            "condition": [],
            "default_host": "",
            "default_ttl": 3600,
            "dictionary": [],
            "director": [],
            "domain": [
              {
                "comment": "",
                "name": "www.frinkbuster.com"
              }
            ],
            "dynamicsnippet": [],
            "force_destroy": null,
            "gcslogging": [],
            "gzip": [],
            "header": [],
            "healthcheck": [],
            "id": "15wyGrE2kuTGGAPuwe6Fcm",
            "logentries": [],
            "name": "service-2",
            "papertrail": [],
            "request_setting": [],
            "response_object": [],
            "s3logging": [],
            "snippet": [],
            "splunk": [],
            "sumologic": [],
            "syslog": [],
            "vcl": [],
            "version_comment": ""
          },
          "private": "bnVsbA=="
        }
      ]
    },
    {
      "module": "module.service3",
      "mode": "managed",
      "type": "fastly_service_v1",
      "name": "service",
      "provider": "module.service3.provider.fastly",
      "instances": [
        {
          "schema_version": 0,
          "attributes": {
            "acl": [],
            "activate": true,
            "active_version": 1,
            "backend": [
              {
                "address": "slough1.com",
                "auto_loadbalance": true,
                "between_bytes_timeout": 10000,
                "connect_timeout": 1000,
                "error_threshold": 0,
                "first_byte_timeout": 15000,
                "healthcheck": "",
                "max_conn": 200,
                "max_tls_version": "",
                "min_tls_version": "",
                "name": "backend1",
                "override_host": "",
                "port": 80,
                "request_condition": "",
                "shield": "",
                "ssl_ca_cert": "",
                "ssl_cert_hostname": "www.frinkbuster.co.uk",
                "ssl_check_cert": true,
                "ssl_ciphers": "",
                "ssl_client_cert": "",
                "ssl_client_key": "",
                "ssl_hostname": "",
                "ssl_sni_hostname": "www.frinkbuster.co.uk",
                "use_ssl": true,
                "weight": 100
              },
              {
                "address": "slough2.com",
                "auto_loadbalance": true,
                "between_bytes_timeout": 10000,
                "connect_timeout": 1000,
                "error_threshold": 0,
                "first_byte_timeout": 15000,
                "healthcheck": "",
                "max_conn": 200,
                "max_tls_version": "",
                "min_tls_version": "",
                "name": "backend2",
                "override_host": "",
                "port": 80,
                "request_condition": "",
                "shield": "",
                "ssl_ca_cert": "",
                "ssl_cert_hostname": "www.frinkbuster.co.uk",
                "ssl_check_cert": true,
                "ssl_ciphers": "",
                "ssl_client_cert": "",
                "ssl_client_key": "",
                "ssl_hostname": "",
                "ssl_sni_hostname": "www.frinkbuster.co.uk",
                "use_ssl": true,
                "weight": 100
              }
            ],
            "bigquerylogging": [],
            "blobstoragelogging": [],
            "cache_setting": [],
            "comment": "Managed by Terraform",
            "condition": [],
            "default_host": "",
            "default_ttl": 3600,
            "dictionary": [],
            "director": [],
            "domain": [
              {
                "comment": "",
                "name": "www1.frinkbuster.co.uk"
              }
            ],
            "dynamicsnippet": [],
            "force_destroy": null,
            "gcslogging": [],
            "gzip": [],
            "header": [],
            "healthcheck": [],
            "id": "2KsFp6MBr4qKIYZjVbRIui",
            "logentries": [],
            "name": "service-3",
            "papertrail": [],
            "request_setting": [],
            "response_object": [],
            "s3logging": [],
            "snippet": [],
            "splunk": [],
            "sumologic": [],
            "syslog": [],
            "vcl": [],
            "version_comment": ""
          },
          "private": "bnVsbA=="
        }
      ]
    }
  ]
}
